PODS:
  - Alamofire (5.1.0)
  - BourbonEngine (0.1.0)

DEPENDENCIES:
  - Alamofire (~> 5.1)
  - BourbonEngine (~> 0.1.0)

SPEC REPOS:
  trunk:
    - Alamofire
    - BourbonEngine

SPEC CHECKSUMS:
  Alamofire: 9d5c5f602928e512395b30950c5984eca840093c
  BourbonEngine: 7bf4ced5083626cc1707cdf85267508ee70f52f9

PODFILE CHECKSUM: aa24c3611aa45a26bd38443ccd3670ec1a491500

COCOAPODS: 1.9.1
