// !$*UTF8*$!
{
	archiveVersion = 1;
	classes = {
	};
	objectVersion = 50;
	objects = {

/* Begin PBXBuildFile section */
		77448096063977B65417BCA0 /* Pods_Gist.framework in Frameworks */ = {isa = PBXBuildFile; fileRef = 10C1E97E8D391296567854DD /* Pods_Gist.framework */; };
		A1446560243CB9F200F69093 /* GistNetworkRequestError.swift in Sources */ = {isa = PBXBuildFile; fileRef = A144655F243CB9F200F69093 /* GistNetworkRequestError.swift */; };
		A1446562243CC15A00F69093 /* UserManager.swift in Sources */ = {isa = PBXBuildFile; fileRef = A1446561243CC15A00F69093 /* UserManager.swift */; };
		A144656A243DC75800F69093 /* Bootstrap.swift in Sources */ = {isa = PBXBuildFile; fileRef = A1446569243DC75800F69093 /* Bootstrap.swift */; };
		A144656C243DC77500F69093 /* ConfigurationManager.swift in Sources */ = {isa = PBXBuildFile; fileRef = A144656B243DC77500F69093 /* ConfigurationManager.swift */; };
		A144656E243DD35100F69093 /* QueueManager.swift in Sources */ = {isa = PBXBuildFile; fileRef = A144656D243DD35100F69093 /* QueueManager.swift */; };
		A1446570243DD72300F69093 /* LogManager.swift in Sources */ = {isa = PBXBuildFile; fileRef = A144656F243DD72300F69093 /* LogManager.swift */; };
		A1446573243DDB1300F69093 /* Logger.swift in Sources */ = {isa = PBXBuildFile; fileRef = A1446572243DDB1300F69093 /* Logger.swift */; };
		A1446575243DEAAC00F69093 /* GistExtendable.swift in Sources */ = {isa = PBXBuildFile; fileRef = A1446574243DEAAC00F69093 /* GistExtendable.swift */; };
		A1446578243DEC4600F69093 /* GistMessageQueue.swift in Sources */ = {isa = PBXBuildFile; fileRef = A1446577243DEC4600F69093 /* GistMessageQueue.swift */; };
		A144657A243DEEF000F69093 /* MessageManager.swift in Sources */ = {isa = PBXBuildFile; fileRef = A1446579243DEEF000F69093 /* MessageManager.swift */; };
		A144657C243DF5ED00F69093 /* GistDelegate.swift in Sources */ = {isa = PBXBuildFile; fileRef = A144657B243DF5ED00F69093 /* GistDelegate.swift */; };
		A144657F243DF97600F69093 /* Configuration.swift in Sources */ = {isa = PBXBuildFile; fileRef = A144657E243DF97600F69093 /* Configuration.swift */; };
		A1446581243E188B00F69093 /* ModalViewManager.swift in Sources */ = {isa = PBXBuildFile; fileRef = A1446580243E188B00F69093 /* ModalViewManager.swift */; };
		A1446589243F1C8E00F69093 /* Encodable.swift in Sources */ = {isa = PBXBuildFile; fileRef = A1446588243F1C8E00F69093 /* Encodable.swift */; };
		A164A44A243C74BE007A4DED /* Gist.h in Headers */ = {isa = PBXBuildFile; fileRef = A164A448243C74BE007A4DED /* Gist.h */; settings = {ATTRIBUTES = (Public, ); }; };
		A164A48E243C8267007A4DED /* Gist.swift in Sources */ = {isa = PBXBuildFile; fileRef = A164A48D243C8267007A4DED /* Gist.swift */; };
		A164A491243C82C9007A4DED /* ConfigurationResponse.swift in Sources */ = {isa = PBXBuildFile; fileRef = A164A490243C82C9007A4DED /* ConfigurationResponse.swift */; };
		A164A493243C82D3007A4DED /* UserQueueResponse.swift in Sources */ = {isa = PBXBuildFile; fileRef = A164A492243C82D3007A4DED /* UserQueueResponse.swift */; };
		A164A495243C8327007A4DED /* LogViewRequest.swift in Sources */ = {isa = PBXBuildFile; fileRef = A164A494243C8327007A4DED /* LogViewRequest.swift */; };
		A164A497243C85B3007A4DED /* GistNetwork.swift in Sources */ = {isa = PBXBuildFile; fileRef = A164A496243C85B3007A4DED /* GistNetwork.swift */; };
		A164A49A243C9A78007A4DED /* Settings.swift in Sources */ = {isa = PBXBuildFile; fileRef = A164A499243C9A78007A4DED /* Settings.swift */; };
		A164A49E243C9BC9007A4DED /* ConfigurationEndpoint.swift in Sources */ = {isa = PBXBuildFile; fileRef = A164A49D243C9BC9007A4DED /* ConfigurationEndpoint.swift */; };
		A164A4A0243C9BE0007A4DED /* QueueEndpoint.swift in Sources */ = {isa = PBXBuildFile; fileRef = A164A49F243C9BE0007A4DED /* QueueEndpoint.swift */; };
		A164A4A2243C9C18007A4DED /* LogEndpoint.swift in Sources */ = {isa = PBXBuildFile; fileRef = A164A4A1243C9C18007A4DED /* LogEndpoint.swift */; };
		A164A4A6243C9E96007A4DED /* GistNetworkRequest.swift in Sources */ = {isa = PBXBuildFile; fileRef = A164A4A5243C9E96007A4DED /* GistNetworkRequest.swift */; };
		A164A4A8243C9EAD007A4DED /* Headers.swift in Sources */ = {isa = PBXBuildFile; fileRef = A164A4A7243C9EAD007A4DED /* Headers.swift */; };
/* End PBXBuildFile section */

/* Begin PBXFileReference section */
		10C1E97E8D391296567854DD /* Pods_Gist.framework */ = {isa = PBXFileReference; explicitFileType = wrapper.framework; includeInIndex = 0; path = Pods_Gist.framework; sourceTree = BUILT_PRODUCTS_DIR; };
		2F3171E40D989DD54AA76B66 /* Pods-Gist.release.xcconfig */ = {isa = PBXFileReference; includeInIndex = 1; lastKnownFileType = text.xcconfig; name = "Pods-Gist.release.xcconfig"; path = "Target Support Files/Pods-Gist/Pods-Gist.release.xcconfig"; sourceTree = "<group>"; };
		6E084BDBA7876DE42CA69C31 /* Pods-Gist.debug.xcconfig */ = {isa = PBXFileReference; includeInIndex = 1; lastKnownFileType = text.xcconfig; name = "Pods-Gist.debug.xcconfig"; path = "Target Support Files/Pods-Gist/Pods-Gist.debug.xcconfig"; sourceTree = "<group>"; };
		A144655F243CB9F200F69093 /* GistNetworkRequestError.swift */ = {isa = PBXFileReference; lastKnownFileType = sourcecode.swift; path = GistNetworkRequestError.swift; sourceTree = "<group>"; };
		A1446561243CC15A00F69093 /* UserManager.swift */ = {isa = PBXFileReference; lastKnownFileType = sourcecode.swift; path = UserManager.swift; sourceTree = "<group>"; };
		A1446569243DC75800F69093 /* Bootstrap.swift */ = {isa = PBXFileReference; fileEncoding = 4; lastKnownFileType = sourcecode.swift; path = Bootstrap.swift; sourceTree = "<group>"; };
		A144656B243DC77500F69093 /* ConfigurationManager.swift */ = {isa = PBXFileReference; fileEncoding = 4; lastKnownFileType = sourcecode.swift; path = ConfigurationManager.swift; sourceTree = "<group>"; };
		A144656D243DD35100F69093 /* QueueManager.swift */ = {isa = PBXFileReference; lastKnownFileType = sourcecode.swift; path = QueueManager.swift; sourceTree = "<group>"; };
		A144656F243DD72300F69093 /* LogManager.swift */ = {isa = PBXFileReference; lastKnownFileType = sourcecode.swift; path = LogManager.swift; sourceTree = "<group>"; };
		A1446572243DDB1300F69093 /* Logger.swift */ = {isa = PBXFileReference; lastKnownFileType = sourcecode.swift; path = Logger.swift; sourceTree = "<group>"; };
		A1446574243DEAAC00F69093 /* GistExtendable.swift */ = {isa = PBXFileReference; lastKnownFileType = sourcecode.swift; path = GistExtendable.swift; sourceTree = "<group>"; };
		A1446577243DEC4600F69093 /* GistMessageQueue.swift */ = {isa = PBXFileReference; lastKnownFileType = sourcecode.swift; path = GistMessageQueue.swift; sourceTree = "<group>"; };
		A1446579243DEEF000F69093 /* MessageManager.swift */ = {isa = PBXFileReference; lastKnownFileType = sourcecode.swift; path = MessageManager.swift; sourceTree = "<group>"; };
		A144657B243DF5ED00F69093 /* GistDelegate.swift */ = {isa = PBXFileReference; lastKnownFileType = sourcecode.swift; path = GistDelegate.swift; sourceTree = "<group>"; };
		A144657E243DF97600F69093 /* Configuration.swift */ = {isa = PBXFileReference; lastKnownFileType = sourcecode.swift; path = Configuration.swift; sourceTree = "<group>"; };
		A1446580243E188B00F69093 /* ModalViewManager.swift */ = {isa = PBXFileReference; lastKnownFileType = sourcecode.swift; path = ModalViewManager.swift; sourceTree = "<group>"; };
		A1446588243F1C8E00F69093 /* Encodable.swift */ = {isa = PBXFileReference; lastKnownFileType = sourcecode.swift; path = Encodable.swift; sourceTree = "<group>"; };
		A164A445243C74BE007A4DED /* Gist.framework */ = {isa = PBXFileReference; explicitFileType = wrapper.framework; includeInIndex = 0; path = Gist.framework; sourceTree = BUILT_PRODUCTS_DIR; };
		A164A448243C74BE007A4DED /* Gist.h */ = {isa = PBXFileReference; lastKnownFileType = sourcecode.c.h; path = Gist.h; sourceTree = "<group>"; };
		A164A449243C74BE007A4DED /* Info.plist */ = {isa = PBXFileReference; lastKnownFileType = text.plist.xml; path = Info.plist; sourceTree = "<group>"; };
		A164A48D243C8267007A4DED /* Gist.swift */ = {isa = PBXFileReference; lastKnownFileType = sourcecode.swift; path = Gist.swift; sourceTree = "<group>"; };
		A164A490243C82C9007A4DED /* ConfigurationResponse.swift */ = {isa = PBXFileReference; lastKnownFileType = sourcecode.swift; path = ConfigurationResponse.swift; sourceTree = "<group>"; };
		A164A492243C82D3007A4DED /* UserQueueResponse.swift */ = {isa = PBXFileReference; lastKnownFileType = sourcecode.swift; path = UserQueueResponse.swift; sourceTree = "<group>"; };
		A164A494243C8327007A4DED /* LogViewRequest.swift */ = {isa = PBXFileReference; lastKnownFileType = sourcecode.swift; path = LogViewRequest.swift; sourceTree = "<group>"; };
		A164A496243C85B3007A4DED /* GistNetwork.swift */ = {isa = PBXFileReference; lastKnownFileType = sourcecode.swift; path = GistNetwork.swift; sourceTree = "<group>"; };
		A164A499243C9A78007A4DED /* Settings.swift */ = {isa = PBXFileReference; lastKnownFileType = sourcecode.swift; path = Settings.swift; sourceTree = "<group>"; };
		A164A49D243C9BC9007A4DED /* ConfigurationEndpoint.swift */ = {isa = PBXFileReference; lastKnownFileType = sourcecode.swift; path = ConfigurationEndpoint.swift; sourceTree = "<group>"; };
		A164A49F243C9BE0007A4DED /* QueueEndpoint.swift */ = {isa = PBXFileReference; lastKnownFileType = sourcecode.swift; path = QueueEndpoint.swift; sourceTree = "<group>"; };
		A164A4A1243C9C18007A4DED /* LogEndpoint.swift */ = {isa = PBXFileReference; lastKnownFileType = sourcecode.swift; path = LogEndpoint.swift; sourceTree = "<group>"; };
		A164A4A5243C9E96007A4DED /* GistNetworkRequest.swift */ = {isa = PBXFileReference; lastKnownFileType = sourcecode.swift; path = GistNetworkRequest.swift; sourceTree = "<group>"; };
		A164A4A7243C9EAD007A4DED /* Headers.swift */ = {isa = PBXFileReference; lastKnownFileType = sourcecode.swift; path = Headers.swift; sourceTree = "<group>"; };
/* End PBXFileReference section */

/* Begin PBXFrameworksBuildPhase section */
		A164A442243C74BE007A4DED /* Frameworks */ = {
			isa = PBXFrameworksBuildPhase;
			buildActionMask = 2147483647;
			files = (
				77448096063977B65417BCA0 /* Pods_Gist.framework in Frameworks */,
			);
			runOnlyForDeploymentPostprocessing = 0;
		};
/* End PBXFrameworksBuildPhase section */

/* Begin PBXGroup section */
		A1446566243CC40800F69093 /* Managers */ = {
			isa = PBXGroup;
			children = (
				A144657D243DF96900F69093 /* Models */,
				A144656B243DC77500F69093 /* ConfigurationManager.swift */,
				A1446561243CC15A00F69093 /* UserManager.swift */,
				A144656D243DD35100F69093 /* QueueManager.swift */,
				A144656F243DD72300F69093 /* LogManager.swift */,
				A1446579243DEEF000F69093 /* MessageManager.swift */,
				A1446580243E188B00F69093 /* ModalViewManager.swift */,
			);
			path = Managers;
			sourceTree = "<group>";
		};
		A1446571243DDB0700F69093 /* Utilities */ = {
			isa = PBXGroup;
			children = (
				A1446572243DDB1300F69093 /* Logger.swift */,
				A1446588243F1C8E00F69093 /* Encodable.swift */,
			);
			path = Utilities;
			sourceTree = "<group>";
		};
		A1446576243DEC1E00F69093 /* Extensions */ = {
			isa = PBXGroup;
			children = (
				A1446574243DEAAC00F69093 /* GistExtendable.swift */,
				A1446577243DEC4600F69093 /* GistMessageQueue.swift */,
			);
			path = Extensions;
			sourceTree = "<group>";
		};
		A144657D243DF96900F69093 /* Models */ = {
			isa = PBXGroup;
			children = (
				A144657E243DF97600F69093 /* Configuration.swift */,
			);
			path = Models;
			sourceTree = "<group>";
		};
		A164A43B243C74BE007A4DED = {
			isa = PBXGroup;
			children = (
				A164A447243C74BE007A4DED /* Gist */,
				A164A446243C74BE007A4DED /* Products */,
				CEDA4DCC9E971CA1B96AE83A /* Pods */,
				D2567DB7F93D063679F1D089 /* Frameworks */,
			);
			sourceTree = "<group>";
		};
		A164A446243C74BE007A4DED /* Products */ = {
			isa = PBXGroup;
			children = (
				A164A445243C74BE007A4DED /* Gist.framework */,
			);
			name = Products;
			sourceTree = "<group>";
		};
		A164A447243C74BE007A4DED /* Gist */ = {
			isa = PBXGroup;
			children = (
				A1446576243DEC1E00F69093 /* Extensions */,
				A1446571243DDB0700F69093 /* Utilities */,
				A1446566243CC40800F69093 /* Managers */,
				A164A48C243C8250007A4DED /* Network */,
				A164A448243C74BE007A4DED /* Gist.h */,
				A164A449243C74BE007A4DED /* Info.plist */,
				A1446569243DC75800F69093 /* Bootstrap.swift */,
				A164A48D243C8267007A4DED /* Gist.swift */,
				A144657B243DF5ED00F69093 /* GistDelegate.swift */,
			);
			path = Gist;
			sourceTree = "<group>";
		};
		A164A48C243C8250007A4DED /* Network */ = {
			isa = PBXGroup;
			children = (
				A164A4A3243C9E13007A4DED /* Endpoints */,
				A164A48F243C8293007A4DED /* Models */,
				A164A496243C85B3007A4DED /* GistNetwork.swift */,
				A164A499243C9A78007A4DED /* Settings.swift */,
			);
			path = Network;
			sourceTree = "<group>";
		};
		A164A48F243C8293007A4DED /* Models */ = {
			isa = PBXGroup;
			children = (
				A164A490243C82C9007A4DED /* ConfigurationResponse.swift */,
				A164A492243C82D3007A4DED /* UserQueueResponse.swift */,
				A164A494243C8327007A4DED /* LogViewRequest.swift */,
			);
			path = Models;
			sourceTree = "<group>";
		};
		A164A4A3243C9E13007A4DED /* Endpoints */ = {
			isa = PBXGroup;
			children = (
				A164A4A4243C9E25007A4DED /* Utilities */,
				A164A49D243C9BC9007A4DED /* ConfigurationEndpoint.swift */,
				A164A49F243C9BE0007A4DED /* QueueEndpoint.swift */,
				A164A4A1243C9C18007A4DED /* LogEndpoint.swift */,
			);
			path = Endpoints;
			sourceTree = "<group>";
		};
		A164A4A4243C9E25007A4DED /* Utilities */ = {
			isa = PBXGroup;
			children = (
				A164A4A5243C9E96007A4DED /* GistNetworkRequest.swift */,
				A164A4A7243C9EAD007A4DED /* Headers.swift */,
				A144655F243CB9F200F69093 /* GistNetworkRequestError.swift */,
			);
			path = Utilities;
			sourceTree = "<group>";
		};
		CEDA4DCC9E971CA1B96AE83A /* Pods */ = {
			isa = PBXGroup;
			children = (
				6E084BDBA7876DE42CA69C31 /* Pods-Gist.debug.xcconfig */,
				2F3171E40D989DD54AA76B66 /* Pods-Gist.release.xcconfig */,
			);
			path = Pods;
			sourceTree = "<group>";
		};
		D2567DB7F93D063679F1D089 /* Frameworks */ = {
			isa = PBXGroup;
			children = (
				10C1E97E8D391296567854DD /* Pods_Gist.framework */,
			);
			name = Frameworks;
			sourceTree = "<group>";
		};
/* End PBXGroup section */

/* Begin PBXHeadersBuildPhase section */
		A164A440243C74BE007A4DED /* Headers */ = {
			isa = PBXHeadersBuildPhase;
			buildActionMask = 2147483647;
			files = (
				A164A44A243C74BE007A4DED /* Gist.h in Headers */,
			);
			runOnlyForDeploymentPostprocessing = 0;
		};
/* End PBXHeadersBuildPhase section */

/* Begin PBXNativeTarget section */
		A164A444243C74BE007A4DED /* Gist */ = {
			isa = PBXNativeTarget;
			buildConfigurationList = A164A44D243C74BE007A4DED /* Build configuration list for PBXNativeTarget "Gist" */;
			buildPhases = (
				BF98DB10F4937F52C74888E0 /* [CP] Check Pods Manifest.lock */,
				A164A498243C87A2007A4DED /* Swiftlint */,
				A164A440243C74BE007A4DED /* Headers */,
				A164A441243C74BE007A4DED /* Sources */,
				A164A442243C74BE007A4DED /* Frameworks */,
				A164A443243C74BE007A4DED /* Resources */,
			);
			buildRules = (
			);
			dependencies = (
			);
			name = Gist;
			productName = Gist;
			productReference = A164A445243C74BE007A4DED /* Gist.framework */;
			productType = "com.apple.product-type.framework";
		};
/* End PBXNativeTarget section */

/* Begin PBXProject section */
		A164A43C243C74BE007A4DED /* Project object */ = {
			isa = PBXProject;
			attributes = {
				LastUpgradeCheck = 1140;
				ORGANIZATIONNAME = "Bourbon Ltd";
				TargetAttributes = {
					A164A444243C74BE007A4DED = {
						CreatedOnToolsVersion = 11.4;
						LastSwiftMigration = 1140;
					};
				};
			};
			buildConfigurationList = A164A43F243C74BE007A4DED /* Build configuration list for PBXProject "Gist" */;
			compatibilityVersion = "Xcode 9.3";
			developmentRegion = en;
			hasScannedForEncodings = 0;
			knownRegions = (
				en,
				Base,
			);
			mainGroup = A164A43B243C74BE007A4DED;
			productRefGroup = A164A446243C74BE007A4DED /* Products */;
			projectDirPath = "";
			projectRoot = "";
			targets = (
				A164A444243C74BE007A4DED /* Gist */,
			);
		};
/* End PBXProject section */

/* Begin PBXResourcesBuildPhase section */
		A164A443243C74BE007A4DED /* Resources */ = {
			isa = PBXResourcesBuildPhase;
			buildActionMask = 2147483647;
			files = (
			);
			runOnlyForDeploymentPostprocessing = 0;
		};
/* End PBXResourcesBuildPhase section */

/* Begin PBXShellScriptBuildPhase section */
		A164A498243C87A2007A4DED /* Swiftlint */ = {
			isa = PBXShellScriptBuildPhase;
			buildActionMask = 2147483647;
			files = (
			);
			inputFileListPaths = (
			);
			inputPaths = (
			);
			name = Swiftlint;
			outputFileListPaths = (
			);
			outputPaths = (
			);
			runOnlyForDeploymentPostprocessing = 0;
			shellPath = /bin/sh;
			shellScript = "if which swiftlint >/dev/null; then\n  swiftlint\nelse\n  echo \"warning: SwiftLint not installed, download from https://github.com/realm/SwiftLint\"\nfi\n";
		};
		BF98DB10F4937F52C74888E0 /* [CP] Check Pods Manifest.lock */ = {
			isa = PBXShellScriptBuildPhase;
			buildActionMask = 2147483647;
			files = (
			);
			inputFileListPaths = (
			);
			inputPaths = (
				"${PODS_PODFILE_DIR_PATH}/Podfile.lock",
				"${PODS_ROOT}/Manifest.lock",
			);
			name = "[CP] Check Pods Manifest.lock";
			outputFileListPaths = (
			);
			outputPaths = (
				"$(DERIVED_FILE_DIR)/Pods-Gist-checkManifestLockResult.txt",
			);
			runOnlyForDeploymentPostprocessing = 0;
			shellPath = /bin/sh;
			shellScript = "diff \"${PODS_PODFILE_DIR_PATH}/Podfile.lock\" \"${PODS_ROOT}/Manifest.lock\" > /dev/null\nif [ $? != 0 ] ; then\n    # print error to STDERR\n    echo \"error: The sandbox is not in sync with the Podfile.lock. Run 'pod install' or update your CocoaPods installation.\" >&2\n    exit 1\nfi\n# This output is used by Xcode 'outputs' to avoid re-running this script phase.\necho \"SUCCESS\" > \"${SCRIPT_OUTPUT_FILE_0}\"\n";
			showEnvVarsInLog = 0;
		};
/* End PBXShellScriptBuildPhase section */

/* Begin PBXSourcesBuildPhase section */
		A164A441243C74BE007A4DED /* Sources */ = {
			isa = PBXSourcesBuildPhase;
			buildActionMask = 2147483647;
			files = (
				A1446575243DEAAC00F69093 /* GistExtendable.swift in Sources */,
				A144656A243DC75800F69093 /* Bootstrap.swift in Sources */,
				A164A49A243C9A78007A4DED /* Settings.swift in Sources */,
				A164A49E243C9BC9007A4DED /* ConfigurationEndpoint.swift in Sources */,
				A164A493243C82D3007A4DED /* UserQueueResponse.swift in Sources */,
				A164A495243C8327007A4DED /* LogViewRequest.swift in Sources */,
				A144657A243DEEF000F69093 /* MessageManager.swift in Sources */,
				A1446560243CB9F200F69093 /* GistNetworkRequestError.swift in Sources */,
				A144656C243DC77500F69093 /* ConfigurationManager.swift in Sources */,
				A1446589243F1C8E00F69093 /* Encodable.swift in Sources */,
				A164A491243C82C9007A4DED /* ConfigurationResponse.swift in Sources */,
				A1446570243DD72300F69093 /* LogManager.swift in Sources */,
				A1446581243E188B00F69093 /* ModalViewManager.swift in Sources */,
				A164A48E243C8267007A4DED /* Gist.swift in Sources */,
				A1446562243CC15A00F69093 /* UserManager.swift in Sources */,
				A1446578243DEC4600F69093 /* GistMessageQueue.swift in Sources */,
				A164A497243C85B3007A4DED /* GistNetwork.swift in Sources */,
				A144657C243DF5ED00F69093 /* GistDelegate.swift in Sources */,
				A144656E243DD35100F69093 /* QueueManager.swift in Sources */,
				A1446573243DDB1300F69093 /* Logger.swift in Sources */,
				A164A4A2243C9C18007A4DED /* LogEndpoint.swift in Sources */,
				A164A4A0243C9BE0007A4DED /* QueueEndpoint.swift in Sources */,
				A144657F243DF97600F69093 /* Configuration.swift in Sources */,
				A164A4A6243C9E96007A4DED /* GistNetworkRequest.swift in Sources */,
				A164A4A8243C9EAD007A4DED /* Headers.swift in Sources */,
			);
			runOnlyForDeploymentPostprocessing = 0;
		};
/* End PBXSourcesBuildPhase section */

/* Begin XCBuildConfiguration section */
		A164A44B243C74BE007A4DED /* Debug */ = {
			isa = XCBuildConfiguration;
			buildSettings = {
				ALWAYS_SEARCH_USER_PATHS = NO;
				CLANG_ANALYZER_NONNULL = YES;
				CLANG_ANALYZER_NUMBER_OBJECT_CONVERSION = YES_AGGRESSIVE;
				CLANG_CXX_LANGUAGE_STANDARD = "gnu++14";
				CLANG_CXX_LIBRARY = "libc++";
				CLANG_ENABLE_MODULES = YES;
				CLANG_ENABLE_OBJC_ARC = YES;
				CLANG_ENABLE_OBJC_WEAK = YES;
				CLANG_WARN_BLOCK_CAPTURE_AUTORELEASING = YES;
				CLANG_WARN_BOOL_CONVERSION = YES;
				CLANG_WARN_COMMA = YES;
				CLANG_WARN_CONSTANT_CONVERSION = YES;
				CLANG_WARN_DEPRECATED_OBJC_IMPLEMENTATIONS = YES;
				CLANG_WARN_DIRECT_OBJC_ISA_USAGE = YES_ERROR;
				CLANG_WARN_DOCUMENTATION_COMMENTS = YES;
				CLANG_WARN_EMPTY_BODY = YES;
				CLANG_WARN_ENUM_CONVERSION = YES;
				CLANG_WARN_INFINITE_RECURSION = YES;
				CLANG_WARN_INT_CONVERSION = YES;
				CLANG_WARN_NON_LITERAL_NULL_CONVERSION = YES;
				CLANG_WARN_OBJC_IMPLICIT_RETAIN_SELF = YES;
				CLANG_WARN_OBJC_LITERAL_CONVERSION = YES;
				CLANG_WARN_OBJC_ROOT_CLASS = YES_ERROR;
				CLANG_WARN_RANGE_LOOP_ANALYSIS = YES;
				CLANG_WARN_STRICT_PROTOTYPES = YES;
				CLANG_WARN_SUSPICIOUS_MOVE = YES;
				CLANG_WARN_UNGUARDED_AVAILABILITY = YES_AGGRESSIVE;
				CLANG_WARN_UNREACHABLE_CODE = YES;
				CLANG_WARN__DUPLICATE_METHOD_MATCH = YES;
				COPY_PHASE_STRIP = NO;
				CURRENT_PROJECT_VERSION = 1;
				DEBUG_INFORMATION_FORMAT = dwarf;
				ENABLE_STRICT_OBJC_MSGSEND = YES;
				ENABLE_TESTABILITY = YES;
				GCC_C_LANGUAGE_STANDARD = gnu11;
				GCC_DYNAMIC_NO_PIC = NO;
				GCC_NO_COMMON_BLOCKS = YES;
				GCC_OPTIMIZATION_LEVEL = 0;
				GCC_PREPROCESSOR_DEFINITIONS = (
					"DEBUG=1",
					"$(inherited)",
				);
				GCC_WARN_64_TO_32_BIT_CONVERSION = YES;
				GCC_WARN_ABOUT_RETURN_TYPE = YES_ERROR;
				GCC_WARN_UNDECLARED_SELECTOR = YES;
				GCC_WARN_UNINITIALIZED_AUTOS = YES_AGGRESSIVE;
				GCC_WARN_UNUSED_FUNCTION = YES;
				GCC_WARN_UNUSED_VARIABLE = YES;
				IPHONEOS_DEPLOYMENT_TARGET = 13.4;
				MTL_ENABLE_DEBUG_INFO = INCLUDE_SOURCE;
				MTL_FAST_MATH = YES;
				ONLY_ACTIVE_ARCH = YES;
				SDKROOT = iphoneos;
				SWIFT_ACTIVE_COMPILATION_CONDITIONS = DEBUG;
				SWIFT_OPTIMIZATION_LEVEL = "-Onone";
				VERSIONING_SYSTEM = "apple-generic";
				VERSION_INFO_PREFIX = "";
			};
			name = Debug;
		};
		A164A44C243C74BE007A4DED /* Release */ = {
			isa = XCBuildConfiguration;
			buildSettings = {
				ALWAYS_SEARCH_USER_PATHS = NO;
				CLANG_ANALYZER_NONNULL = YES;
				CLANG_ANALYZER_NUMBER_OBJECT_CONVERSION = YES_AGGRESSIVE;
				CLANG_CXX_LANGUAGE_STANDARD = "gnu++14";
				CLANG_CXX_LIBRARY = "libc++";
				CLANG_ENABLE_MODULES = YES;
				CLANG_ENABLE_OBJC_ARC = YES;
				CLANG_ENABLE_OBJC_WEAK = YES;
				CLANG_WARN_BLOCK_CAPTURE_AUTORELEASING = YES;
				CLANG_WARN_BOOL_CONVERSION = YES;
				CLANG_WARN_COMMA = YES;
				CLANG_WARN_CONSTANT_CONVERSION = YES;
				CLANG_WARN_DEPRECATED_OBJC_IMPLEMENTATIONS = YES;
				CLANG_WARN_DIRECT_OBJC_ISA_USAGE = YES_ERROR;
				CLANG_WARN_DOCUMENTATION_COMMENTS = YES;
				CLANG_WARN_EMPTY_BODY = YES;
				CLANG_WARN_ENUM_CONVERSION = YES;
				CLANG_WARN_INFINITE_RECURSION = YES;
				CLANG_WARN_INT_CONVERSION = YES;
				CLANG_WARN_NON_LITERAL_NULL_CONVERSION = YES;
				CLANG_WARN_OBJC_IMPLICIT_RETAIN_SELF = YES;
				CLANG_WARN_OBJC_LITERAL_CONVERSION = YES;
				CLANG_WARN_OBJC_ROOT_CLASS = YES_ERROR;
				CLANG_WARN_RANGE_LOOP_ANALYSIS = YES;
				CLANG_WARN_STRICT_PROTOTYPES = YES;
				CLANG_WARN_SUSPICIOUS_MOVE = YES;
				CLANG_WARN_UNGUARDED_AVAILABILITY = YES_AGGRESSIVE;
				CLANG_WARN_UNREACHABLE_CODE = YES;
				CLANG_WARN__DUPLICATE_METHOD_MATCH = YES;
				COPY_PHASE_STRIP = NO;
				CURRENT_PROJECT_VERSION = 1;
				DEBUG_INFORMATION_FORMAT = "dwarf-with-dsym";
				ENABLE_NS_ASSERTIONS = NO;
				ENABLE_STRICT_OBJC_MSGSEND = YES;
				GCC_C_LANGUAGE_STANDARD = gnu11;
				GCC_NO_COMMON_BLOCKS = YES;
				GCC_WARN_64_TO_32_BIT_CONVERSION = YES;
				GCC_WARN_ABOUT_RETURN_TYPE = YES_ERROR;
				GCC_WARN_UNDECLARED_SELECTOR = YES;
				GCC_WARN_UNINITIALIZED_AUTOS = YES_AGGRESSIVE;
				GCC_WARN_UNUSED_FUNCTION = YES;
				GCC_WARN_UNUSED_VARIABLE = YES;
				IPHONEOS_DEPLOYMENT_TARGET = 13.4;
				MTL_ENABLE_DEBUG_INFO = NO;
				MTL_FAST_MATH = YES;
				SDKROOT = iphoneos;
				SWIFT_COMPILATION_MODE = wholemodule;
				SWIFT_OPTIMIZATION_LEVEL = "-O";
				VALIDATE_PRODUCT = YES;
				VERSIONING_SYSTEM = "apple-generic";
				VERSION_INFO_PREFIX = "";
			};
			name = Release;
		};
		A164A44E243C74BE007A4DED /* Debug */ = {
			isa = XCBuildConfiguration;
			baseConfigurationReference = 6E084BDBA7876DE42CA69C31 /* Pods-Gist.debug.xcconfig */;
			buildSettings = {
				CLANG_ENABLE_MODULES = YES;
				CODE_SIGN_STYLE = Automatic;
				DEFINES_MODULE = YES;
				DEVELOPMENT_TEAM = FYY5BQDCXQ;
				DYLIB_COMPATIBILITY_VERSION = 1;
				DYLIB_CURRENT_VERSION = 1;
				DYLIB_INSTALL_NAME_BASE = "@rpath";
				ENABLE_BITCODE = NO;
				INFOPLIST_FILE = Gist/Info.plist;
				INSTALL_PATH = "$(LOCAL_LIBRARY_DIR)/Frameworks";
				LD_RUNPATH_SEARCH_PATHS = (
					"$(inherited)",
					"@executable_path/Frameworks",
					"@loader_path/Frameworks",
				);
				PRODUCT_BUNDLE_IDENTIFIER = sh.bourbon.gist;
				PRODUCT_NAME = "$(TARGET_NAME:c99extidentifier)";
				SKIP_INSTALL = YES;
				SWIFT_OPTIMIZATION_LEVEL = "-Onone";
				SWIFT_VERSION = 5.0;
				TARGETED_DEVICE_FAMILY = "1,2";
			};
			name = Debug;
		};
		A164A44F243C74BE007A4DED /* Release */ = {
			isa = XCBuildConfiguration;
			baseConfigurationReference = 2F3171E40D989DD54AA76B66 /* Pods-Gist.release.xcconfig */;
			buildSettings = {
				CLANG_ENABLE_MODULES = YES;
				CODE_SIGN_STYLE = Automatic;
				DEFINES_MODULE = YES;
				DEVELOPMENT_TEAM = FYY5BQDCXQ;
				DYLIB_COMPATIBILITY_VERSION = 1;
				DYLIB_CURRENT_VERSION = 1;
				DYLIB_INSTALL_NAME_BASE = "@rpath";
				ENABLE_BITCODE = NO;
				INFOPLIST_FILE = Gist/Info.plist;
				INSTALL_PATH = "$(LOCAL_LIBRARY_DIR)/Frameworks";
				LD_RUNPATH_SEARCH_PATHS = (
					"$(inherited)",
					"@executable_path/Frameworks",
					"@loader_path/Frameworks",
				);
				PRODUCT_BUNDLE_IDENTIFIER = sh.bourbon.gist;
				PRODUCT_NAME = "$(TARGET_NAME:c99extidentifier)";
				SKIP_INSTALL = YES;
				SWIFT_VERSION = 5.0;
				TARGETED_DEVICE_FAMILY = "1,2";
			};
			name = Release;
		};
/* End XCBuildConfiguration section */

/* Begin XCConfigurationList section */
		A164A43F243C74BE007A4DED /* Build configuration list for PBXProject "Gist" */ = {
			isa = XCConfigurationList;
			buildConfigurations = (
				A164A44B243C74BE007A4DED /* Debug */,
				A164A44C243C74BE007A4DED /* Release */,
			);
			defaultConfigurationIsVisible = 0;
			defaultConfigurationName = Release;
		};
		A164A44D243C74BE007A4DED /* Build configuration list for PBXNativeTarget "Gist" */ = {
			isa = XCConfigurationList;
			buildConfigurations = (
				A164A44E243C74BE007A4DED /* Debug */,
				A164A44F243C74BE007A4DED /* Release */,
			);
			defaultConfigurationIsVisible = 0;
			defaultConfigurationName = Release;
		};
/* End XCConfigurationList section */
	};
	rootObject = A164A43C243C74BE007A4DED /* Project object */;
}
