PODS:
  - Alamofire (5.1.0)
  - BourbonEngine (0.0.9)
  - Gist (0.0.1):
    - Alamofire (~> 5.1)
    - BourbonEngine (~> 0.0.9)

DEPENDENCIES:
  - Gist (from `../Gist.podspec`)

SPEC REPOS:
  trunk:
    - Alamofire
    - BourbonEngine

EXTERNAL SOURCES:
  Gist:
    :path: "../Gist.podspec"

SPEC CHECKSUMS:
  Alamofire: 9d5c5f602928e512395b30950c5984eca840093c
  BourbonEngine: da850d4427690a253037207f54fd79b8bb02352d
  Gist: 4a45432df382de252d8826b12079b026ba7953fe

PODFILE CHECKSUM: 842b9168fec23445b62ccf211472cdcbaf81be31

COCOAPODS: 1.9.1
