PODS:
  - Alamofire (5.1.0)
  - BourbonEngine (0.0.8)
  - Gist (0.0.1):
    - Alamofire (~> 5.1)
    - BourbonEngine (~> 0.0.8)

DEPENDENCIES:
  - Gist (from `../Gist.podspec`)

SPEC REPOS:
  trunk:
    - Alamofire
    - BourbonEngine

EXTERNAL SOURCES:
  Gist:
    :path: "../Gist.podspec"

SPEC CHECKSUMS:
  Alamofire: 9d5c5f602928e512395b30950c5984eca840093c
  BourbonEngine: 6f9f664c015bd934dd3f6306f25e46c2c064e30d
  Gist: c96f16820b88fe8337c7c310b9d0ab010bb6f7e8

PODFILE CHECKSUM: 842b9168fec23445b62ccf211472cdcbaf81be31

COCOAPODS: 1.8.3
